
Microsoft Visual Studio Solution File, Format Version 12.00
Project("{FAE04EC0-301F-11D3-BF4B-00C04F79EFBC}") = "MyMathTests", "MyMathTests\MyMathTests.csproj", "{37B71643-E21D-48A2-9A82-8320CC5F98F7}"
EndProject
Project("{FAE04EC0-301F-11D3-BF4B-00C04F79EFBC}") = "MyMath", "MyMath\MyMath.csproj", "{EF42E349-B0F4-4426-9DF0-049C8A753F58}"
EndProject
Project("{FAE04EC0-301F-11D3-BF4B-00C04F79EFBC}") = "wielomian", "wielomian\wielomian.csproj", "{11853BB6-5A15-4AEA-8492-539469F20DF2}"
EndProject
Global
	GlobalSection(SolutionConfigurationPlatforms) = preSolution
		Debug|Any CPU = Debug|Any CPU
		Release|Any CPU = Release|Any CPU
	EndGlobalSection
	GlobalSection(ProjectConfigurationPlatforms) = postSolution
		{37B71643-E21D-48A2-9A82-8320CC5F98F7}.Debug|Any CPU.ActiveCfg = Debug|Any CPU
		{37B71643-E21D-48A2-9A82-8320CC5F98F7}.Debug|Any CPU.Build.0 = Debug|Any CPU
		{37B71643-E21D-48A2-9A82-8320CC5F98F7}.Release|Any CPU.ActiveCfg = Release|Any CPU
		{37B71643-E21D-48A2-9A82-8320CC5F98F7}.Release|Any CPU.Build.0 = Release|Any CPU
		{EF42E349-B0F4-4426-9DF0-049C8A753F58}.Debug|Any CPU.ActiveCfg = Debug|Any CPU
		{EF42E349-B0F4-4426-9DF0-049C8A753F58}.Debug|Any CPU.Build.0 = Debug|Any CPU
		{EF42E349-B0F4-4426-9DF0-049C8A753F58}.Release|Any CPU.ActiveCfg = Release|Any CPU
		{EF42E349-B0F4-4426-9DF0-049C8A753F58}.Release|Any CPU.Build.0 = Release|Any CPU
		{11853BB6-5A15-4AEA-8492-539469F20DF2}.Debug|Any CPU.ActiveCfg = Debug|Any CPU
		{11853BB6-5A15-4AEA-8492-539469F20DF2}.Debug|Any CPU.Build.0 = Debug|Any CPU
		{11853BB6-5A15-4AEA-8492-539469F20DF2}.Release|Any CPU.ActiveCfg = Release|Any CPU
		{11853BB6-5A15-4AEA-8492-539469F20DF2}.Release|Any CPU.Build.0 = Release|Any CPU
	EndGlobalSection
EndGlobal
